
Microsoft Visual Studio Solution File, Format Version 12.00
# Visual Studio Version 17
VisualStudioVersion = 17.10.34928.147
MinimumVisualStudioVersion = 10.0.40219.1
Project("{FAE04EC0-301F-11D3-BF4B-00C04F79EFBC}") = "Checkpoint3", "Checkpoint3\Checkpoint3.csproj", "{C41F0877-99EB-4FE9-B6F1-EB1DE51D1F99}"
EndProject
Global
	GlobalSection(SolutionConfigurationPlatforms) = preSolution
		Debug|Any CPU = Debug|Any CPU
		Release|Any CPU = Release|Any CPU
	EndGlobalSection
	GlobalSection(ProjectConfigurationPlatforms) = postSolution
		{C41F0877-99EB-4FE9-B6F1-EB1DE51D1F99}.Debug|Any CPU.ActiveCfg = Debug|Any CPU
		{C41F0877-99EB-4FE9-B6F1-EB1DE51D1F99}.Debug|Any CPU.Build.0 = Debug|Any CPU
		{C41F0877-99EB-4FE9-B6F1-EB1DE51D1F99}.Release|Any CPU.ActiveCfg = Release|Any CPU
		{C41F0877-99EB-4FE9-B6F1-EB1DE51D1F99}.Release|Any CPU.Build.0 = Release|Any CPU
	EndGlobalSection
	GlobalSection(SolutionProperties) = preSolution
		HideSolutionNode = FALSE
	EndGlobalSection
	GlobalSection(ExtensibilityGlobals) = postSolution
		SolutionGuid = {AF6F12A8-ACFC-4102-A36C-96CE25B61E2E}
	EndGlobalSection
EndGlobal
